<?xml version="1.0" encoding="utf-8"?>
<Project ToolsVersion="4.0" xmlns="http://schemas.microsoft.com/developer/msbuild/2003">
  <ItemGroup>
    <Filter Include="App">
      <UniqueIdentifier>{6172546c-2b2e-4a8f-9a52-cf10c42cdc53}</UniqueIdentifier>
    </Filter>
    <Filter Include="GameEngine">
      <UniqueIdentifier>{cd11294b-543b-4410-9589-870a0e227072}</UniqueIdentifier>
    </Filter>
    <Filter Include="GameEngine\WindowingSystem">
      <UniqueIdentifier>{f6b49db6-5461-4ec4-b23d-36a7ce2e3559}</UniqueIdentifier>
    </Filter>
    <Filter Include="GameEngine\GraphicsEngine">
      <UniqueIdentifier>{b7113e24-1ccc-431e-90c4-0dd50ce54181}</UniqueIdentifier>
    </Filter>
    <Filter Include="GameEngine\Math">
      <UniqueIdentifier>{99a2a783-f7ba-4ae8-96e7-c4d0b5741a8b}</UniqueIdentifier>
    </Filter>
    <Filter Include="GameEngine\InputSystem">
      <UniqueIdentifier>{0e181d0d-7bc1-4d73-8892-cce85ca94154}</UniqueIdentifier>
    </Filter>
    <Filter Include="GameEngine\GraphicsEngine\RenderSystem">
      <UniqueIdentifier>{8556188c-ac67-442b-9304-80ff9340ab0e}</UniqueIdentifier>
    </Filter>
    <Filter Include="GameEngine\GraphicsEngine\RenderSystem\PixelShader">
      <UniqueIdentifier>{19946d03-bf17-47a9-bad0-73ef6f6bd289}</UniqueIdentifier>
    </Filter>
    <Filter Include="GameEngine\GraphicsEngine\RenderSystem\SwapChain">
      <UniqueIdentifier>{f08d3763-d264-4bf9-9c38-30dcf8b3a244}</UniqueIdentifier>
    </Filter>
    <Filter Include="GameEngine\GraphicsEngine\RenderSystem\VertexBuffer">
      <UniqueIdentifier>{201f079e-00ce-40e3-a942-49306cd0982a}</UniqueIdentifier>
    </Filter>
    <Filter Include="GameEngine\GraphicsEngine\RenderSystem\VertexShader">
      <UniqueIdentifier>{ca6b24ab-733b-4192-9576-847f246f46f1}</UniqueIdentifier>
    </Filter>
    <Filter Include="GameEngine\GraphicsEngine\RenderSystem\IndexBuffer">
      <UniqueIdentifier>{17fd27bc-d5a8-43df-8514-9dd67a4fba23}</UniqueIdentifier>
    </Filter>
    <Filter Include="GameEngine\GraphicsEngine\RenderSystem\DeviceContext">
      <UniqueIdentifier>{eb51db72-2dc5-4409-a56a-9b284030653d}</UniqueIdentifier>
    </Filter>
    <Filter Include="GameEngine\GraphicsEngine\RenderSystem\ConstantBuffer">
      <UniqueIdentifier>{48399b54-31e1-436c-953d-57d5577075a3}</UniqueIdentifier>
    </Filter>
    <Filter Include="GameEngine\GraphicsEngine\ResourceManager">
      <UniqueIdentifier>{507b0896-67ec-4d85-9852-740e541b2d65}</UniqueIdentifier>
    </Filter>
    <Filter Include="GameEngine\GraphicsEngine\ResourceManager\TextureManager">
      <UniqueIdentifier>{842016be-7c62-4df1-b367-1f129c9cfc41}</UniqueIdentifier>
    </Filter>
    <Filter Include="GameEngine\GraphicsEngine\ResourceManager\MeshManager">
      <UniqueIdentifier>{b905d4df-bb32-4dd6-8bdb-f2da057c3b01}</UniqueIdentifier>
    </Filter>
    <Filter Include="GameEngine\GraphicsEngine\Material">
      <UniqueIdentifier>{fbb9b648-b645-481e-afda-67567b5c5b4a}</UniqueIdentifier>
    </Filter>
    <Filter Include="App\SnowGame">
      <UniqueIdentifier>{3afeffc0-01a9-460f-981a-3d7843886d35}</UniqueIdentifier>
    </Filter>
    <Filter Include="GameEngine\AudioEngine">
      <UniqueIdentifier>{6c29ec54-c81c-4d3b-9762-219ea16f0575}</UniqueIdentifier>
    </Filter>
    <Filter Include="GameEngine\EntityComponentSystemManager">
      <UniqueIdentifier>{6785f48a-4cec-47e0-ae85-8daa509a59e5}</UniqueIdentifier>
    </Filter>
    <Filter Include="GameEngine\EntityComponentSystemManager\Entity">
      <UniqueIdentifier>{ddc71740-ea31-4bb2-92fd-0c08944204b1}</UniqueIdentifier>
    </Filter>
    <Filter Include="GameEngine\EntityComponentSystemManager\Component">
      <UniqueIdentifier>{3e6cc7d1-3e12-4f3e-a769-1993cf511e44}</UniqueIdentifier>
    </Filter>
    <Filter Include="GameEngine\EntityComponentSystemManager\System">
      <UniqueIdentifier>{e3726ece-27cd-4965-82c2-3f4cf8d9179c}</UniqueIdentifier>
    </Filter>
    <Filter Include="GameEngine\SceneManager">
      <UniqueIdentifier>{b2cb42eb-e7fe-4f00-bb3c-ddc0bab3fb75}</UniqueIdentifier>
    </Filter>
    <Filter Include="GameEngine\Debugging">
      <UniqueIdentifier>{1cd4123f-8736-4c7b-8f3e-f6b410c16cc0}</UniqueIdentifier>
    </Filter>
    <Filter Include="GameEngine\CollisionDetectionSystem">
      <UniqueIdentifier>{9cf4ec41-c6c8-4597-b9d9-3466cf581a2b}</UniqueIdentifier>
    </Filter>
    <Filter Include="GameEngine\HUD">
      <UniqueIdentifier>{7c87fffd-00e5-4e94-b794-168e378e84f3}</UniqueIdentifier>
    </Filter>
    <Filter Include="GameEngine\SceneManager\Level">
      <UniqueIdentifier>{1531265f-13fc-442d-b69a-7963bc819d09}</UniqueIdentifier>
    </Filter>
    <Filter Include="Game_Classes">
      <UniqueIdentifier>{4c331487-1840-4322-a928-115a87a326dc}</UniqueIdentifier>
    </Filter>
    <Filter Include="Game_Classes\Levels">
      <UniqueIdentifier>{fb1f37ee-cc44-4dc1-a263-29e952316cae}</UniqueIdentifier>
    </Filter>
    <Filter Include="Game_Classes\Levels\GameLevel">
      <UniqueIdentifier>{9f564d1e-4f05-43a9-9e38-025ca4ad6340}</UniqueIdentifier>
    </Filter>
    <Filter Include="Game_Classes\Levels\MenuLevel">
      <UniqueIdentifier>{18746e02-39df-4b28-a947-5da09e3367b2}</UniqueIdentifier>
    </Filter>
    <Filter Include="Game_Classes\Shaders">
      <UniqueIdentifier>{c4f7efc2-477a-48c9-9029-50caf06844ba}</UniqueIdentifier>
    </Filter>
    <Filter Include="Game_Classes\Shaders\Ground_Shader">
      <UniqueIdentifier>{6f0af609-96fd-4e94-9432-be304e632b8b}</UniqueIdentifier>
    </Filter>
    <Filter Include="GameEngine\SceneManager\Object">
      <UniqueIdentifier>{412296bb-1e4e-43e0-82a6-1b823212aa37}</UniqueIdentifier>
    </Filter>
    <Filter Include="GameEngine\SceneManager\Actor">
      <UniqueIdentifier>{2225b905-84ad-4bf3-a217-f6f35d440322}</UniqueIdentifier>
    </Filter>
    <Filter Include="GameEngine\SceneManager\Pawn">
      <UniqueIdentifier>{887b7a5c-03c4-49fe-a2ea-a99b33c26b0e}</UniqueIdentifier>
    </Filter>
    <Filter Include="GameEngine\SceneManager\Character">
      <UniqueIdentifier>{c085084c-7677-4788-bbf6-8f275ac1c16e}</UniqueIdentifier>
    </Filter>
    <Filter Include="GameEngine\Animation">
      <UniqueIdentifier>{d80d9c46-51bb-4cf5-85b2-5a1726f41f4c}</UniqueIdentifier>
    </Filter>
    <Filter Include="Game_Classes\GameObjects">
      <UniqueIdentifier>{44727c0a-a600-404a-bbb3-fc8c464e457d}</UniqueIdentifier>
    </Filter>
    <Filter Include="Game_Classes\GameObjects\Shooter">
      <UniqueIdentifier>{cb5b899e-e3dc-4b2f-98ac-dc6650ca1a49}</UniqueIdentifier>
    </Filter>
    <Filter Include="Game_Classes\GameObjects\Shooter\Projectile">
      <UniqueIdentifier>{13ea414b-e7d9-44ab-a101-cbda9c380f1f}</UniqueIdentifier>
    </Filter>
    <Filter Include="Game_Classes\GameObjects\Shooter\Weapons">
      <UniqueIdentifier>{b129d16c-62b7-4949-b602-05c56a1e4cef}</UniqueIdentifier>
    </Filter>
    <Filter Include="Game_Classes\GameObjects\Shooter\Turret">
      <UniqueIdentifier>{7942cf4a-cec8-448a-bcfe-2d209ec340bc}</UniqueIdentifier>
    </Filter>
    <Filter Include="GameEngine\GraphicsEngine\Shaders">
      <UniqueIdentifier>{4e2c283f-8424-4643-9049-f19a2cd044de}</UniqueIdentifier>
    </Filter>
    <Filter Include="Game_Classes\Shaders\SkyShader">
      <UniqueIdentifier>{7ebddc51-0cfd-4da8-bcb3-1a2c5030c089}</UniqueIdentifier>
    </Filter>
    <Filter Include="Game_Classes\Shaders\Shaders">
      <UniqueIdentifier>{bbec9727-4155-4605-be96-f980c439b921}</UniqueIdentifier>
    </Filter>
  </ItemGroup>
  <ItemGroup>
    <ClCompile Include="main.cpp">
      <Filter>App</Filter>
    </ClCompile>
    <ClCompile Include="Window.cpp">
      <Filter>GameEngine\WindowingSystem</Filter>
    </ClCompile>
    <ClCompile Include="GraphicsEngine.cpp">
      <Filter>GameEngine\GraphicsEngine</Filter>
    </ClCompile>
    <ClCompile Include="SwapChain.cpp">
      <Filter>GameEngine\GraphicsEngine\RenderSystem\SwapChain</Filter>
    </ClCompile>
    <ClCompile Include="DeviceContext.cpp">
      <Filter>GameEngine\GraphicsEngine\RenderSystem\DeviceContext</Filter>
    </ClCompile>
    <ClCompile Include="VertexBuffer.cpp">
      <Filter>GameEngine\GraphicsEngine\RenderSystem\VertexBuffer</Filter>
    </ClCompile>
    <ClCompile Include="VertexShader.cpp">
      <Filter>GameEngine\GraphicsEngine\RenderSystem\VertexShader</Filter>
    </ClCompile>
    <ClCompile Include="PixelShader.cpp">
      <Filter>GameEngine\GraphicsEngine\RenderSystem\PixelShader</Filter>
    </ClCompile>
    <ClCompile Include="ConstantBuffer.cpp">
      <Filter>GameEngine\GraphicsEngine\RenderSystem\ConstantBuffer</Filter>
    </ClCompile>
    <ClCompile Include="IndexBuffer.cpp">
      <Filter>GameEngine\GraphicsEngine\RenderSystem\IndexBuffer</Filter>
    </ClCompile>
    <ClCompile Include="InputSystem.cpp">
      <Filter>GameEngine\InputSystem</Filter>
    </ClCompile>
    <ClCompile Include="RenderSystem.cpp">
      <Filter>GameEngine\GraphicsEngine\RenderSystem</Filter>
    </ClCompile>
    <ClCompile Include="ResourceManager.cpp">
      <Filter>GameEngine\GraphicsEngine\ResourceManager</Filter>
    </ClCompile>
    <ClCompile Include="Resource.cpp">
      <Filter>GameEngine\GraphicsEngine\ResourceManager</Filter>
    </ClCompile>
    <ClCompile Include="TextureManager.cpp">
      <Filter>GameEngine\GraphicsEngine\ResourceManager\TextureManager</Filter>
    </ClCompile>
    <ClCompile Include="Texture.cpp">
      <Filter>GameEngine\GraphicsEngine\ResourceManager\TextureManager</Filter>
    </ClCompile>
    <ClCompile Include="MeshManager.cpp">
      <Filter>GameEngine\GraphicsEngine\ResourceManager\MeshManager</Filter>
    </ClCompile>
    <ClCompile Include="Material.cpp">
      <Filter>GameEngine\GraphicsEngine\Material</Filter>
    </ClCompile>
    <ClCompile Include="SnowGame.cpp">
      <Filter>App\SnowGame</Filter>
    </ClCompile>
    <ClCompile Include="AudioEngine.cpp">
      <Filter>GameEngine\AudioEngine</Filter>
    </ClCompile>
    <ClCompile Include="Mesh.cpp">
      <Filter>GameEngine\GraphicsEngine\ResourceManager\MeshManager</Filter>
    </ClCompile>
    <ClCompile Include="HUD.cpp">
      <Filter>GameEngine\HUD</Filter>
    </ClCompile>
    <ClCompile Include="Level.cpp">
      <Filter>GameEngine\SceneManager\Level</Filter>
    </ClCompile>
    <ClCompile Include="GameLevel.cpp">
      <Filter>Game_Classes\Levels\GameLevel</Filter>
    </ClCompile>
    <ClCompile Include="MainMenuLevel.cpp">
      <Filter>Game_Classes\Levels\MenuLevel</Filter>
    </ClCompile>
    <ClCompile Include="Projectile.cpp">
      <Filter>Game_Classes\GameObjects\Shooter\Projectile</Filter>
    </ClCompile>
    <ClCompile Include="SnowLauncher.cpp">
      <Filter>Game_Classes\GameObjects\Shooter\Weapons</Filter>
    </ClCompile>
    <ClCompile Include="Turret.cpp">
      <Filter>Game_Classes\GameObjects\Shooter\Turret</Filter>
    </ClCompile>
  </ItemGroup>
  <ItemGroup>
    <ClInclude Include="Window.h">
      <Filter>GameEngine\WindowingSystem</Filter>
    </ClInclude>
    <ClInclude Include="GraphicsEngine.h">
      <Filter>GameEngine\GraphicsEngine</Filter>
    </ClInclude>
    <ClInclude Include="SwapChain.h">
      <Filter>GameEngine\GraphicsEngine\RenderSystem\SwapChain</Filter>
    </ClInclude>
    <ClInclude Include="DeviceContext.h">
      <Filter>GameEngine\GraphicsEngine\RenderSystem\DeviceContext</Filter>
    </ClInclude>
    <ClInclude Include="VertexBuffer.h">
      <Filter>GameEngine\GraphicsEngine\RenderSystem\VertexBuffer</Filter>
    </ClInclude>
    <ClInclude Include="VertexShader.h">
      <Filter>GameEngine\GraphicsEngine\RenderSystem\VertexShader</Filter>
    </ClInclude>
    <ClInclude Include="PixelShader.h">
      <Filter>GameEngine\GraphicsEngine\RenderSystem\PixelShader</Filter>
    </ClInclude>
    <ClInclude Include="ConstantBuffer.h">
      <Filter>GameEngine\GraphicsEngine\RenderSystem\ConstantBuffer</Filter>
    </ClInclude>
    <ClInclude Include="Vector3D.h">
      <Filter>GameEngine\Math</Filter>
    </ClInclude>
    <ClInclude Include="Matrix4x4.h">
      <Filter>GameEngine\Math</Filter>
    </ClInclude>
    <ClInclude Include="IndexBuffer.h">
      <Filter>GameEngine\GraphicsEngine\RenderSystem\IndexBuffer</Filter>
    </ClInclude>
    <ClInclude Include="InputSystem.h">
      <Filter>GameEngine\InputSystem</Filter>
    </ClInclude>
    <ClInclude Include="InputListener.h">
      <Filter>GameEngine\InputSystem</Filter>
    </ClInclude>
    <ClInclude Include="Point.h">
      <Filter>GameEngine\Math</Filter>
    </ClInclude>
    <ClInclude Include="Vector4D.h">
      <Filter>GameEngine\Math</Filter>
    </ClInclude>
    <ClInclude Include="RenderSystem.h">
      <Filter>GameEngine\GraphicsEngine\RenderSystem</Filter>
    </ClInclude>
    <ClInclude Include="Prerequisites.h">
      <Filter>GameEngine\GraphicsEngine</Filter>
    </ClInclude>
    <ClInclude Include="ResourceManager.h">
      <Filter>GameEngine\GraphicsEngine\ResourceManager</Filter>
    </ClInclude>
    <ClInclude Include="Resource.h">
      <Filter>GameEngine\GraphicsEngine\ResourceManager</Filter>
    </ClInclude>
    <ClInclude Include="TextureManager.h">
      <Filter>GameEngine\GraphicsEngine\ResourceManager\TextureManager</Filter>
    </ClInclude>
    <ClInclude Include="Texture.h">
      <Filter>GameEngine\GraphicsEngine\ResourceManager\TextureManager</Filter>
    </ClInclude>
    <ClInclude Include="Vector2D.h">
      <Filter>GameEngine\Math</Filter>
    </ClInclude>
    <ClInclude Include="MeshManager.h">
      <Filter>GameEngine\GraphicsEngine\ResourceManager\MeshManager</Filter>
    </ClInclude>
    <ClInclude Include="Mesh.h">
      <Filter>GameEngine\GraphicsEngine\ResourceManager\MeshManager</Filter>
    </ClInclude>
    <ClInclude Include="VertexMesh.h">
      <Filter>GameEngine\Math</Filter>
    </ClInclude>
    <ClInclude Include="Material.h">
      <Filter>GameEngine\GraphicsEngine\Material</Filter>
    </ClInclude>
    <ClInclude Include="MathUtilities.h">
      <Filter>GameEngine\Math</Filter>
    </ClInclude>
    <ClInclude Include="Rect.h">
      <Filter>GameEngine\Math</Filter>
    </ClInclude>
    <ClInclude Include="AudioEngine.h">
      <Filter>GameEngine\AudioEngine</Filter>
    </ClInclude>
    <ClInclude Include="EntityComponentSystemManager.h">
      <Filter>GameEngine\EntityComponentSystemManager</Filter>
    </ClInclude>
    <ClInclude Include="EntityManager.h">
      <Filter>GameEngine\EntityComponentSystemManager\Entity</Filter>
    </ClInclude>
    <ClInclude Include="ComponentManager.h">
      <Filter>GameEngine\EntityComponentSystemManager\Component</Filter>
    </ClInclude>
    <ClInclude Include="ComponentArray.h">
      <Filter>GameEngine\EntityComponentSystemManager\Component</Filter>
    </ClInclude>
    <ClInclude Include="IComponentArray.h">
      <Filter>GameEngine\EntityComponentSystemManager\Component</Filter>
    </ClInclude>
    <ClInclude Include="System.h">
      <Filter>GameEngine\EntityComponentSystemManager\System</Filter>
    </ClInclude>
    <ClInclude Include="SystemManager.h">
      <Filter>GameEngine\EntityComponentSystemManager\System</Filter>
    </ClInclude>
    <ClInclude Include="Rotator3D.h">
      <Filter>GameEngine\Math</Filter>
    </ClInclude>
    <ClInclude Include="DebuggingTools.h">
      <Filter>GameEngine\Debugging</Filter>
    </ClInclude>
    <ClInclude Include="CollisionDetectionSystem.h">
      <Filter>GameEngine\CollisionDetectionSystem</Filter>
    </ClInclude>
    <ClInclude Include="HUD.h">
      <Filter>GameEngine\HUD</Filter>
    </ClInclude>
    <ClInclude Include="Button.h">
      <Filter>GameEngine\HUD</Filter>
    </ClInclude>
    <ClInclude Include="HUDWidget.h">
      <Filter>GameEngine\HUD</Filter>
    </ClInclude>
    <ClInclude Include="RectangleWidget.h">
      <Filter>GameEngine\HUD</Filter>
    </ClInclude>
    <ClInclude Include="WidgetManager.h">
      <Filter>GameEngine\HUD</Filter>
    </ClInclude>
    <ClInclude Include="TextWidget.h">
      <Filter>GameEngine\HUD</Filter>
    </ClInclude>
    <ClInclude Include="Level.h">
      <Filter>GameEngine\SceneManager\Level</Filter>
    </ClInclude>
    <ClInclude Include="Sound.h">
      <Filter>GameEngine\AudioEngine</Filter>
    </ClInclude>
    <ClInclude Include="GameLevel.h">
      <Filter>Game_Classes\Levels\GameLevel</Filter>
    </ClInclude>
    <ClInclude Include="MainMenuLevel.h">
      <Filter>Game_Classes\Levels\MenuLevel</Filter>
    </ClInclude>
    <ClInclude Include="Object.h">
      <Filter>GameEngine\SceneManager\Object</Filter>
    </ClInclude>
    <ClInclude Include="SceneObjectManager.h">
      <Filter>GameEngine\SceneManager\Object</Filter>
    </ClInclude>
    <ClInclude Include="Actor.h">
      <Filter>GameEngine\SceneManager\Actor</Filter>
    </ClInclude>
    <ClInclude Include="SceneActorManager.h">
      <Filter>GameEngine\SceneManager\Actor</Filter>
    </ClInclude>
    <ClInclude Include="ScenePawnManager.h">
      <Filter>GameEngine\SceneManager\Pawn</Filter>
    </ClInclude>
    <ClInclude Include="Pawn.h">
      <Filter>GameEngine\SceneManager\Pawn</Filter>
    </ClInclude>
    <ClInclude Include="Character.h">
      <Filter>GameEngine\SceneManager\Character</Filter>
    </ClInclude>
    <ClInclude Include="SceneCharacterManager.h">
      <Filter>GameEngine\SceneManager\Character</Filter>
    </ClInclude>
    <ClInclude Include="Socket.h">
      <Filter>GameEngine\Animation</Filter>
    </ClInclude>
    <ClInclude Include="SnowGame.h">
      <Filter>App\SnowGame</Filter>
    </ClInclude>
    <ClInclude Include="Projectile.h">
      <Filter>Game_Classes\GameObjects\Shooter\Projectile</Filter>
    </ClInclude>
    <ClInclude Include="SnowLauncher.h">
      <Filter>Game_Classes\GameObjects\Shooter\Weapons</Filter>
    </ClInclude>
    <ClInclude Include="Turret.h">
      <Filter>Game_Classes\GameObjects\Shooter\Turret</Filter>
    </ClInclude>
  </ItemGroup>
  <ItemGroup>
    <FxCompile Include="DebuggerPixelShader.hlsl">
      <Filter>GameEngine\Debugging</Filter>
    </FxCompile>
    <FxCompile Include="DebuggerVertexShader.hlsl">
      <Filter>GameEngine\Debugging</Filter>
    </FxCompile>
    <FxCompile Include="Snow_Ground_PixelShader.hlsl">
      <Filter>Game_Classes\Shaders\Ground_Shader</Filter>
    </FxCompile>
    <FxCompile Include="Snow_Ground_VertexShader.hlsl">
      <Filter>Game_Classes\Shaders\Ground_Shader</Filter>
    </FxCompile>
    <FxCompile Include="Pixel_Shader.hlsl">
      <Filter>Game_Classes\Shaders\Shaders</Filter>
    </FxCompile>
    <FxCompile Include="Vertex_Shader.hlsl">
      <Filter>Game_Classes\Shaders\Shaders</Filter>
    </FxCompile>
    <FxCompile Include="PostProcessDefaultPS.hlsl">
      <Filter>GameEngine\GraphicsEngine\Shaders</Filter>
    </FxCompile>
    <FxCompile Include="PostProcessVS.hlsl">
      <Filter>GameEngine\GraphicsEngine\Shaders</Filter>
    </FxCompile>
    <FxCompile Include="SkyBoxPixelShader.hlsl">
      <Filter>Game_Classes\Shaders\SkyShader</Filter>
    </FxCompile>
    <FxCompile Include="SkyBoxVertexShader.hlsl">
      <Filter>Game_Classes\Shaders\SkyShader</Filter>
    </FxCompile>
    <FxCompile Include="VertexMeshLayoutShader.hlsl">
      <Filter>GameEngine\GraphicsEngine\Shaders</Filter>
    </FxCompile>
  </ItemGroup>
</Project>